schema: '2.0'
stages:
  data_ingestion:
    cmd: python src/data/data_ingestion.py
    deps:
    - path: src//data/data_ingestion.py
      hash: md5
      md5: e3eebf4065130196120282f19304725d
      size: 2816
    params:
      params.yaml:
        data_ingestion.test_size: 0.1
    outs:
    - path: data/raw
      hash: md5
      md5: baa43b70a6a4c8dac10639c6b987a43a.dir
      size: 827973
      nfiles: 2
  data_preprocessing:
    cmd: python src/data/data_preprocessing.py
    deps:
    - path: data/raw
      hash: md5
      md5: baa43b70a6a4c8dac10639c6b987a43a.dir
      size: 827973
      nfiles: 2
    - path: src/data/data_preprocessing.py
      hash: md5
      md5: b5a4e08835d6a9f5fcb3cc801c70c0ad
      size: 4469
    outs:
    - path: data/processed
      hash: md5
      md5: 510686b3aa7547904506a44ab3c2144f.dir
      size: 542511
      nfiles: 2
  feature_engineering:
    cmd: python src/features/feature_engineering.py
    deps:
    - path: data/processed
      hash: md5
      md5: 510686b3aa7547904506a44ab3c2144f.dir
      size: 542511
      nfiles: 2
    - path: src/features/feature_engineering.py
      hash: md5
      md5: ffdeb2663f4cffb7a81d4c971659d54b
      size: 3954
    params:
      params.yaml:
        feature_engineering.max_features: 50
    outs:
    - path: data/features
      hash: md5
      md5: dd5b233f792bc1197b7c2035c3bba664.dir
      size: 2317803
      nfiles: 2
  model_building:
    cmd: python src/models/model_building.py
    deps:
    - path: data/features
      hash: md5
      md5: dd5b233f792bc1197b7c2035c3bba664.dir
      size: 2317803
      nfiles: 2
    - path: src/models/model_building.py
      hash: md5
      md5: 96f82cb14583512ccc8bde8a1a89e27f
      size: 2934
    params:
      params.yaml:
        model_building.learning_rate: 0.01
        model_building.n_estimators: 100
    outs:
    - path: models/model.pkl
      hash: md5
      md5: 979d1649a7828f6af6f45f1769da8f2b
      size: 139150
  model_evaluation:
    cmd: python src/models/model_evaluation.py
    deps:
    - path: models/model.pkl
      hash: md5
      md5: 979d1649a7828f6af6f45f1769da8f2b
      size: 139150
    - path: src/models/model_evaluation.py
      hash: md5
      md5: e891b2deb78887554ad1f1c0b827e014
      size: 2935
    outs:
    - path: metrics.json
      hash: md5
      md5: 1dff3611e1de2e232721507552495bb5
      size: 145
