schema: '2.0'
stages:
  data_ingestion:
    cmd: python src/data/data_ingestion.py
    deps:
    - path: src//data/data_ingestion.py
      hash: md5
      md5: e3eebf4065130196120282f19304725d
      size: 2816
    params:
      params.yaml:
        data_ingestion.test_size: 0.1
    outs:
    - path: data/raw
      hash: md5
      md5: baa43b70a6a4c8dac10639c6b987a43a.dir
      size: 827973
      nfiles: 2
  data_preprocessing:
    cmd: python src/data/data_preprocessing.py
    deps:
    - path: data/raw
      hash: md5
      md5: baa43b70a6a4c8dac10639c6b987a43a.dir
      size: 827973
      nfiles: 2
    - path: src/data/data_preprocessing.py
      hash: md5
      md5: b5a4e08835d6a9f5fcb3cc801c70c0ad
      size: 4469
    outs:
    - path: data/processed
      hash: md5
      md5: 510686b3aa7547904506a44ab3c2144f.dir
      size: 542511
      nfiles: 2
  feature_engineering:
    cmd: python src/features/feature_engineering.py
    deps:
    - path: data/processed
      hash: md5
      md5: 510686b3aa7547904506a44ab3c2144f.dir
      size: 542511
      nfiles: 2
    - path: src/features/feature_engineering.py
      hash: md5
      md5: 569975fc61143125424c7a1e274fd71b
      size: 3921
    params:
      params.yaml:
        feature_engineering.max_features: 50
    outs:
    - path: data/features
      hash: md5
      md5: 31c3105723841ad3e1e9d856df552afd.dir
      size: 1068816
      nfiles: 2
  model_building:
    cmd: python src/models/model_building.py
    deps:
    - path: data/features
      hash: md5
      md5: 31c3105723841ad3e1e9d856df552afd.dir
      size: 1068816
      nfiles: 2
    - path: src/models/model_building.py
      hash: md5
      md5: df8225b52dce33144786de0003015344
      size: 2932
    params:
      params.yaml:
        model_building.learning_rate: 0.01
        model_building.n_estimators: 100
    outs:
    - path: models/model.pkl
      hash: md5
      md5: f1a9715e64e971b9a9ad6a06bcc32a95
      size: 139005
  model_evaluation:
    cmd: python src/models/model_evaluation.py
    deps:
    - path: models/model.pkl
      hash: md5
      md5: f1a9715e64e971b9a9ad6a06bcc32a95
      size: 139005
    - path: src/models/model_evaluation.py
      hash: md5
      md5: b8092d21a21929c3471fe1f51f79c03e
      size: 2933
    outs:
    - path: metrics.json
      hash: md5
      md5: 8489d1d4343ae7e81758c045992be15c
      size: 144
